
Microsoft Visual Studio Solution File, Format Version 12.00
# Visual Studio Version 17
VisualStudioVersion = 17.0.32014.148
MinimumVisualStudioVersion = 10.0.40219.1
Project("{FAE04EC0-301F-11D3-BF4B-00C04F79EFBC}") = "InMemoryRepositorySimulator", "InMemoryRepositorySimulator\InMemoryRepositorySimulator.csproj", "{87D6E36C-88BB-483F-ACCF-AF8CAD4B51EC}"
EndProject
Project("{FAE04EC0-301F-11D3-BF4B-00C04F79EFBC}") = "InMemoryRepositorySimulator.Test", "InMemoryRepositorySimulator.Test\InMemoryRepositorySimulator.Test.csproj", "{B6834899-668C-4358-A671-A616E6C00E1E}"
EndProject
Global
	GlobalSection(SolutionConfigurationPlatforms) = preSolution
		Debug|Any CPU = Debug|Any CPU
		Release|Any CPU = Release|Any CPU
	EndGlobalSection
	GlobalSection(ProjectConfigurationPlatforms) = postSolution
		{87D6E36C-88BB-483F-ACCF-AF8CAD4B51EC}.Debug|Any CPU.ActiveCfg = Debug|Any CPU
		{87D6E36C-88BB-483F-ACCF-AF8CAD4B51EC}.Debug|Any CPU.Build.0 = Debug|Any CPU
		{87D6E36C-88BB-483F-ACCF-AF8CAD4B51EC}.Release|Any CPU.ActiveCfg = Release|Any CPU
		{87D6E36C-88BB-483F-ACCF-AF8CAD4B51EC}.Release|Any CPU.Build.0 = Release|Any CPU
		{B6834899-668C-4358-A671-A616E6C00E1E}.Debug|Any CPU.ActiveCfg = Debug|Any CPU
		{B6834899-668C-4358-A671-A616E6C00E1E}.Debug|Any CPU.Build.0 = Debug|Any CPU
		{B6834899-668C-4358-A671-A616E6C00E1E}.Release|Any CPU.ActiveCfg = Release|Any CPU
		{B6834899-668C-4358-A671-A616E6C00E1E}.Release|Any CPU.Build.0 = Release|Any CPU
	EndGlobalSection
	GlobalSection(SolutionProperties) = preSolution
		HideSolutionNode = FALSE
	EndGlobalSection
	GlobalSection(ExtensibilityGlobals) = postSolution
		SolutionGuid = {59426FE9-3F56-43A5-8F80-524C140640AB}
	EndGlobalSection
EndGlobal
